
Microsoft Visual Studio Solution File, Format Version 12.00
# Visual Studio 2012
Project("{FAE04EC0-301F-11D3-BF4B-00C04F79EFBC}") = "CaiChengYu", "CaiChengYu\CaiChengYu.csproj", "{7A1DC1DD-006F-4FBF-9EA2-CCF5A6296AEC}"
EndProject
Project("{FAE04EC0-301F-11D3-BF4B-00C04F79EFBC}") = "WindowsFormsApplication1", "WindowsFormsApplication1\WindowsFormsApplication1.csproj", "{5F00E22D-B268-404A-839E-E23751893966}"
EndProject
Project("{FAE04EC0-301F-11D3-BF4B-00C04F79EFBC}") = "AipSdk", "..\..\..\Users\Administrator\Downloads\dotnet-sdk-master\dotnet-sdk-master\AipSdk\AipSdk.csproj", "{EB8F1053-5BF8-40AE-9883-53F32011D6D9}"
EndProject
Global
	GlobalSection(SolutionConfigurationPlatforms) = preSolution
		Debug|Any CPU = Debug|Any CPU
		Release|Any CPU = Release|Any CPU
	EndGlobalSection
	GlobalSection(ProjectConfigurationPlatforms) = postSolution
		{7A1DC1DD-006F-4FBF-9EA2-CCF5A6296AEC}.Debug|Any CPU.ActiveCfg = Debug|Any CPU
		{7A1DC1DD-006F-4FBF-9EA2-CCF5A6296AEC}.Debug|Any CPU.Build.0 = Debug|Any CPU
		{7A1DC1DD-006F-4FBF-9EA2-CCF5A6296AEC}.Release|Any CPU.ActiveCfg = Release|Any CPU
		{7A1DC1DD-006F-4FBF-9EA2-CCF5A6296AEC}.Release|Any CPU.Build.0 = Release|Any CPU
		{5F00E22D-B268-404A-839E-E23751893966}.Debug|Any CPU.ActiveCfg = Debug|Any CPU
		{5F00E22D-B268-404A-839E-E23751893966}.Debug|Any CPU.Build.0 = Debug|Any CPU
		{5F00E22D-B268-404A-839E-E23751893966}.Release|Any CPU.ActiveCfg = Release|Any CPU
		{5F00E22D-B268-404A-839E-E23751893966}.Release|Any CPU.Build.0 = Release|Any CPU
		{EB8F1053-5BF8-40AE-9883-53F32011D6D9}.Debug|Any CPU.ActiveCfg = Debug|Any CPU
		{EB8F1053-5BF8-40AE-9883-53F32011D6D9}.Debug|Any CPU.Build.0 = Debug|Any CPU
		{EB8F1053-5BF8-40AE-9883-53F32011D6D9}.Release|Any CPU.ActiveCfg = Release|Any CPU
		{EB8F1053-5BF8-40AE-9883-53F32011D6D9}.Release|Any CPU.Build.0 = Release|Any CPU
	EndGlobalSection
	GlobalSection(SolutionProperties) = preSolution
		HideSolutionNode = FALSE
	EndGlobalSection
EndGlobal
